
Microsoft Visual Studio Solution File, Format Version 12.00
# Visual Studio Version 16
VisualStudioVersion = 16.0.31321.278
MinimumVisualStudioVersion = 10.0.40219.1
Project("{FAE04EC0-301F-11D3-BF4B-00C04F79EFBC}") = "GPEN21 Setup", "GPEN21 Setup\GPEN21 Setup.csproj", "{EAA1A995-60AA-49AF-990C-E1195F826694}"
EndProject
Global
	GlobalSection(SolutionConfigurationPlatforms) = preSolution
		Debug|Any CPU = Debug|Any CPU
		Release|Any CPU = Release|Any CPU
	EndGlobalSection
	GlobalSection(ProjectConfigurationPlatforms) = postSolution
		{EAA1A995-60AA-49AF-990C-E1195F826694}.Debug|Any CPU.ActiveCfg = Debug|Any CPU
		{EAA1A995-60AA-49AF-990C-E1195F826694}.Debug|Any CPU.Build.0 = Debug|Any CPU
		{EAA1A995-60AA-49AF-990C-E1195F826694}.Release|Any CPU.ActiveCfg = Release|Any CPU
		{EAA1A995-60AA-49AF-990C-E1195F826694}.Release|Any CPU.Build.0 = Release|Any CPU
	EndGlobalSection
	GlobalSection(SolutionProperties) = preSolution
		HideSolutionNode = FALSE
	EndGlobalSection
	GlobalSection(ExtensibilityGlobals) = postSolution
		SolutionGuid = {708F3FEA-E657-4E27-8DF9-853C042A25CB}
	EndGlobalSection
EndGlobal
